
Microsoft Visual Studio Solution File, Format Version 12.00
# Visual Studio 14
VisualStudioVersion = 14.0.25420.1
MinimumVisualStudioVersion = 10.0.40219.1
Project("{2150E333-8FDC-42A3-9474-1A3956D46DE8}") = "Creational", "Creational", "{9C6BD2E3-CEED-4D21-B55F-A87B1A1194D8}"
EndProject
Project("{2150E333-8FDC-42A3-9474-1A3956D46DE8}") = "Structural", "Structural", "{D83F60DF-6EB5-4401-A3FC-C14011E9AEB2}"
EndProject
Project("{FAE04EC0-301F-11D3-BF4B-00C04F79EFBC}") = "Adapter", "Adapter\Adapter.csproj", "{7A0B5B0B-1504-45B1-B885-DE1DF1A6157A}"
EndProject
Project("{2150E333-8FDC-42A3-9474-1A3956D46DE8}") = "1 Tests", "1 Tests", "{F4E224BF-583A-488C-8A0D-D6F24888384E}"
EndProject
Project("{FAE04EC0-301F-11D3-BF4B-00C04F79EFBC}") = "DesignPatternTests", "DesignPatternTests\DesignPatternTests.csproj", "{02131F20-8374-4E00-B015-EAC4114A3DEA}"
EndProject
Project("{FAE04EC0-301F-11D3-BF4B-00C04F79EFBC}") = "AbstractFactory", "AbstractFactory\AbstractFactory.csproj", "{29FAAE4E-D385-43F6-B497-5CDADB85B8AF}"
EndProject
Project("{FAE04EC0-301F-11D3-BF4B-00C04F79EFBC}") = "Builder", "Builder\Builder.csproj", "{7499DD6A-6E64-4EF0-B5D3-E4E28971BA59}"
EndProject
Project("{FAE04EC0-301F-11D3-BF4B-00C04F79EFBC}") = "FactoryKit", "FactoryKit\FactoryKit.csproj", "{86FAD38A-F0E2-4E21-AB77-A517B1E0053F}"
EndProject
Project("{FAE04EC0-301F-11D3-BF4B-00C04F79EFBC}") = "FactoryMethod", "FactoryMethod\FactoryMethod.csproj", "{7C42AE4A-F986-422A-A3B2-38AA383A6C87}"
EndProject
Project("{FAE04EC0-301F-11D3-BF4B-00C04F79EFBC}") = "Module", "Module\Module.csproj", "{5DC1FF51-60D6-4A29-84A0-A9EEDF111319}"
EndProject
Project("{FAE04EC0-301F-11D3-BF4B-00C04F79EFBC}") = "ObjectPool", "ObjectPool\ObjectPool.csproj", "{D20FBAEC-D46C-4C21-9B2A-D1572D8523D3}"
EndProject
Project("{FAE04EC0-301F-11D3-BF4B-00C04F79EFBC}") = "Singleton", "Singleton\Singleton.csproj", "{33E90B08-23C2-4424-8CAC-2BCEF8291EA3}"
EndProject
Project("{FAE04EC0-301F-11D3-BF4B-00C04F79EFBC}") = "StepBuilder", "StepBuilder\StepBuilder.csproj", "{908ACA47-27F6-4330-95D4-3BD7CC8324B9}"
EndProject
Project("{2150E333-8FDC-42A3-9474-1A3956D46DE8}") = "Behavioral", "Behavioral", "{93A9340A-DA52-43FA-B8B7-9FF2A949EC98}"
EndProject
Project("{FAE04EC0-301F-11D3-BF4B-00C04F79EFBC}") = "ChainOfResponsibility", "ChainOfResponsibility\ChainOfResponsibility.csproj", "{F8A4ECF5-8691-4482-9025-A3C3CD4862B9}"
EndProject
Project("{FAE04EC0-301F-11D3-BF4B-00C04F79EFBC}") = "Command", "Command\Command.csproj", "{07835209-00FD-466F-A0E3-1DFE5129121D}"
EndProject
Global
	GlobalSection(SolutionConfigurationPlatforms) = preSolution
		Debug|Any CPU = Debug|Any CPU
		Release|Any CPU = Release|Any CPU
	EndGlobalSection
	GlobalSection(ProjectConfigurationPlatforms) = postSolution
		{7A0B5B0B-1504-45B1-B885-DE1DF1A6157A}.Debug|Any CPU.ActiveCfg = Debug|Any CPU
		{7A0B5B0B-1504-45B1-B885-DE1DF1A6157A}.Debug|Any CPU.Build.0 = Debug|Any CPU
		{7A0B5B0B-1504-45B1-B885-DE1DF1A6157A}.Release|Any CPU.ActiveCfg = Release|Any CPU
		{7A0B5B0B-1504-45B1-B885-DE1DF1A6157A}.Release|Any CPU.Build.0 = Release|Any CPU
		{02131F20-8374-4E00-B015-EAC4114A3DEA}.Debug|Any CPU.ActiveCfg = Debug|Any CPU
		{02131F20-8374-4E00-B015-EAC4114A3DEA}.Debug|Any CPU.Build.0 = Debug|Any CPU
		{02131F20-8374-4E00-B015-EAC4114A3DEA}.Release|Any CPU.ActiveCfg = Release|Any CPU
		{02131F20-8374-4E00-B015-EAC4114A3DEA}.Release|Any CPU.Build.0 = Release|Any CPU
		{29FAAE4E-D385-43F6-B497-5CDADB85B8AF}.Debug|Any CPU.ActiveCfg = Debug|Any CPU
		{29FAAE4E-D385-43F6-B497-5CDADB85B8AF}.Debug|Any CPU.Build.0 = Debug|Any CPU
		{29FAAE4E-D385-43F6-B497-5CDADB85B8AF}.Release|Any CPU.ActiveCfg = Release|Any CPU
		{29FAAE4E-D385-43F6-B497-5CDADB85B8AF}.Release|Any CPU.Build.0 = Release|Any CPU
		{7499DD6A-6E64-4EF0-B5D3-E4E28971BA59}.Debug|Any CPU.ActiveCfg = Debug|Any CPU
		{7499DD6A-6E64-4EF0-B5D3-E4E28971BA59}.Debug|Any CPU.Build.0 = Debug|Any CPU
		{7499DD6A-6E64-4EF0-B5D3-E4E28971BA59}.Release|Any CPU.ActiveCfg = Release|Any CPU
		{7499DD6A-6E64-4EF0-B5D3-E4E28971BA59}.Release|Any CPU.Build.0 = Release|Any CPU
		{86FAD38A-F0E2-4E21-AB77-A517B1E0053F}.Debug|Any CPU.ActiveCfg = Debug|Any CPU
		{86FAD38A-F0E2-4E21-AB77-A517B1E0053F}.Debug|Any CPU.Build.0 = Debug|Any CPU
		{86FAD38A-F0E2-4E21-AB77-A517B1E0053F}.Release|Any CPU.ActiveCfg = Release|Any CPU
		{86FAD38A-F0E2-4E21-AB77-A517B1E0053F}.Release|Any CPU.Build.0 = Release|Any CPU
		{7C42AE4A-F986-422A-A3B2-38AA383A6C87}.Debug|Any CPU.ActiveCfg = Debug|Any CPU
		{7C42AE4A-F986-422A-A3B2-38AA383A6C87}.Debug|Any CPU.Build.0 = Debug|Any CPU
		{7C42AE4A-F986-422A-A3B2-38AA383A6C87}.Release|Any CPU.ActiveCfg = Release|Any CPU
		{7C42AE4A-F986-422A-A3B2-38AA383A6C87}.Release|Any CPU.Build.0 = Release|Any CPU
		{5DC1FF51-60D6-4A29-84A0-A9EEDF111319}.Debug|Any CPU.ActiveCfg = Debug|Any CPU
		{5DC1FF51-60D6-4A29-84A0-A9EEDF111319}.Debug|Any CPU.Build.0 = Debug|Any CPU
		{5DC1FF51-60D6-4A29-84A0-A9EEDF111319}.Release|Any CPU.ActiveCfg = Release|Any CPU
		{5DC1FF51-60D6-4A29-84A0-A9EEDF111319}.Release|Any CPU.Build.0 = Release|Any CPU
		{D20FBAEC-D46C-4C21-9B2A-D1572D8523D3}.Debug|Any CPU.ActiveCfg = Debug|Any CPU
		{D20FBAEC-D46C-4C21-9B2A-D1572D8523D3}.Debug|Any CPU.Build.0 = Debug|Any CPU
		{D20FBAEC-D46C-4C21-9B2A-D1572D8523D3}.Release|Any CPU.ActiveCfg = Release|Any CPU
		{D20FBAEC-D46C-4C21-9B2A-D1572D8523D3}.Release|Any CPU.Build.0 = Release|Any CPU
		{33E90B08-23C2-4424-8CAC-2BCEF8291EA3}.Debug|Any CPU.ActiveCfg = Debug|Any CPU
		{33E90B08-23C2-4424-8CAC-2BCEF8291EA3}.Debug|Any CPU.Build.0 = Debug|Any CPU
		{33E90B08-23C2-4424-8CAC-2BCEF8291EA3}.Release|Any CPU.ActiveCfg = Release|Any CPU
		{33E90B08-23C2-4424-8CAC-2BCEF8291EA3}.Release|Any CPU.Build.0 = Release|Any CPU
		{908ACA47-27F6-4330-95D4-3BD7CC8324B9}.Debug|Any CPU.ActiveCfg = Debug|Any CPU
		{908ACA47-27F6-4330-95D4-3BD7CC8324B9}.Debug|Any CPU.Build.0 = Debug|Any CPU
		{908ACA47-27F6-4330-95D4-3BD7CC8324B9}.Release|Any CPU.ActiveCfg = Release|Any CPU
		{908ACA47-27F6-4330-95D4-3BD7CC8324B9}.Release|Any CPU.Build.0 = Release|Any CPU
		{F8A4ECF5-8691-4482-9025-A3C3CD4862B9}.Debug|Any CPU.ActiveCfg = Debug|Any CPU
		{F8A4ECF5-8691-4482-9025-A3C3CD4862B9}.Debug|Any CPU.Build.0 = Debug|Any CPU
		{F8A4ECF5-8691-4482-9025-A3C3CD4862B9}.Release|Any CPU.ActiveCfg = Release|Any CPU
		{F8A4ECF5-8691-4482-9025-A3C3CD4862B9}.Release|Any CPU.Build.0 = Release|Any CPU
		{07835209-00FD-466F-A0E3-1DFE5129121D}.Debug|Any CPU.ActiveCfg = Debug|Any CPU
		{07835209-00FD-466F-A0E3-1DFE5129121D}.Debug|Any CPU.Build.0 = Debug|Any CPU
		{07835209-00FD-466F-A0E3-1DFE5129121D}.Release|Any CPU.ActiveCfg = Release|Any CPU
		{07835209-00FD-466F-A0E3-1DFE5129121D}.Release|Any CPU.Build.0 = Release|Any CPU
	EndGlobalSection
	GlobalSection(SolutionProperties) = preSolution
		HideSolutionNode = FALSE
	EndGlobalSection
	GlobalSection(NestedProjects) = preSolution
		{7A0B5B0B-1504-45B1-B885-DE1DF1A6157A} = {D83F60DF-6EB5-4401-A3FC-C14011E9AEB2}
		{02131F20-8374-4E00-B015-EAC4114A3DEA} = {F4E224BF-583A-488C-8A0D-D6F24888384E}
		{29FAAE4E-D385-43F6-B497-5CDADB85B8AF} = {9C6BD2E3-CEED-4D21-B55F-A87B1A1194D8}
		{7499DD6A-6E64-4EF0-B5D3-E4E28971BA59} = {9C6BD2E3-CEED-4D21-B55F-A87B1A1194D8}
		{86FAD38A-F0E2-4E21-AB77-A517B1E0053F} = {9C6BD2E3-CEED-4D21-B55F-A87B1A1194D8}
		{7C42AE4A-F986-422A-A3B2-38AA383A6C87} = {9C6BD2E3-CEED-4D21-B55F-A87B1A1194D8}
		{5DC1FF51-60D6-4A29-84A0-A9EEDF111319} = {9C6BD2E3-CEED-4D21-B55F-A87B1A1194D8}
		{D20FBAEC-D46C-4C21-9B2A-D1572D8523D3} = {9C6BD2E3-CEED-4D21-B55F-A87B1A1194D8}
		{33E90B08-23C2-4424-8CAC-2BCEF8291EA3} = {9C6BD2E3-CEED-4D21-B55F-A87B1A1194D8}
		{908ACA47-27F6-4330-95D4-3BD7CC8324B9} = {9C6BD2E3-CEED-4D21-B55F-A87B1A1194D8}
		{F8A4ECF5-8691-4482-9025-A3C3CD4862B9} = {93A9340A-DA52-43FA-B8B7-9FF2A949EC98}
		{07835209-00FD-466F-A0E3-1DFE5129121D} = {93A9340A-DA52-43FA-B8B7-9FF2A949EC98}
	EndGlobalSection
EndGlobal
